// !$*UTF8*$!
{
	archiveVersion = 1;
	classes = {
	};
	objectVersion = 56;
	objects = {

/* Begin PBXBuildFile section */
		8407CC2329E4FF6C00081261 /* AppDelegate.swift in Sources */ = {isa = PBXBuildFile; fileRef = 8407CC2229E4FF6C00081261 /* AppDelegate.swift */; };
		8407CC2529E4FF6C00081261 /* SceneDelegate.swift in Sources */ = {isa = PBXBuildFile; fileRef = 8407CC2429E4FF6C00081261 /* SceneDelegate.swift */; };
		8407CC2729E4FF6C00081261 /* ViewController.swift in Sources */ = {isa = PBXBuildFile; fileRef = 8407CC2629E4FF6C00081261 /* ViewController.swift */; };
		8407CC2A29E4FF6C00081261 /* Main.storyboard in Resources */ = {isa = PBXBuildFile; fileRef = 8407CC2829E4FF6C00081261 /* Main.storyboard */; };
		8407CC2C29E4FF6E00081261 /* Assets.xcassets in Resources */ = {isa = PBXBuildFile; fileRef = 8407CC2B29E4FF6E00081261 /* Assets.xcassets */; };
		8407CC2F29E4FF6E00081261 /* LaunchScreen.storyboard in Resources */ = {isa = PBXBuildFile; fileRef = 8407CC2D29E4FF6E00081261 /* LaunchScreen.storyboard */; };
		8407CC3729E5034700081261 /* NetworkManager.swift in Sources */ = {isa = PBXBuildFile; fileRef = 8407CC3629E5034700081261 /* NetworkManager.swift */; };
		847D42E729E66031006132C1 /* CombinePractice.swift in Sources */ = {isa = PBXBuildFile; fileRef = 847D42E629E66031006132C1 /* CombinePractice.swift */; };
/* End PBXBuildFile section */

/* Begin PBXFileReference section */
		8407CC1F29E4FF6C00081261 /* Intro-to-combine.app */ = {isa = PBXFileReference; explicitFileType = wrapper.application; includeInIndex = 0; path = "Intro-to-combine.app"; sourceTree = BUILT_PRODUCTS_DIR; };
		8407CC2229E4FF6C00081261 /* AppDelegate.swift */ = {isa = PBXFileReference; lastKnownFileType = sourcecode.swift; path = AppDelegate.swift; sourceTree = "<group>"; };
		8407CC2429E4FF6C00081261 /* SceneDelegate.swift */ = {isa = PBXFileReference; lastKnownFileType = sourcecode.swift; path = SceneDelegate.swift; sourceTree = "<group>"; };
		8407CC2629E4FF6C00081261 /* ViewController.swift */ = {isa = PBXFileReference; lastKnownFileType = sourcecode.swift; path = ViewController.swift; sourceTree = "<group>"; };
		8407CC2929E4FF6C00081261 /* Base */ = {isa = PBXFileReference; lastKnownFileType = file.storyboard; name = Base; path = Base.lproj/Main.storyboard; sourceTree = "<group>"; };
		8407CC2B29E4FF6E00081261 /* Assets.xcassets */ = {isa = PBXFileReference; lastKnownFileType = folder.assetcatalog; path = Assets.xcassets; sourceTree = "<group>"; };
		8407CC2E29E4FF6E00081261 /* Base */ = {isa = PBXFileReference; lastKnownFileType = file.storyboard; name = Base; path = Base.lproj/LaunchScreen.storyboard; sourceTree = "<group>"; };
		8407CC3029E4FF6E00081261 /* Info.plist */ = {isa = PBXFileReference; lastKnownFileType = text.plist.xml; path = Info.plist; sourceTree = "<group>"; };
		8407CC3629E5034700081261 /* NetworkManager.swift */ = {isa = PBXFileReference; lastKnownFileType = sourcecode.swift; path = NetworkManager.swift; sourceTree = "<group>"; };
		847D42E629E66031006132C1 /* CombinePractice.swift */ = {isa = PBXFileReference; lastKnownFileType = sourcecode.swift; path = CombinePractice.swift; sourceTree = "<group>"; };
/* End PBXFileReference section */

/* Begin PBXFrameworksBuildPhase section */
		8407CC1C29E4FF6C00081261 /* Frameworks */ = {
			isa = PBXFrameworksBuildPhase;
			buildActionMask = 2147483647;
			files = (
			);
			runOnlyForDeploymentPostprocessing = 0;
		};
/* End PBXFrameworksBuildPhase section */

/* Begin PBXGroup section */
		8407CC1629E4FF6C00081261 = {
			isa = PBXGroup;
			children = (
				8407CC2129E4FF6C00081261 /* Intro-to-combine */,
				8407CC2029E4FF6C00081261 /* Products */,
			);
			sourceTree = "<group>";
		};
		8407CC2029E4FF6C00081261 /* Products */ = {
			isa = PBXGroup;
			children = (
				8407CC1F29E4FF6C00081261 /* Intro-to-combine.app */,
			);
			name = Products;
			sourceTree = "<group>";
		};
		8407CC2129E4FF6C00081261 /* Intro-to-combine */ = {
			isa = PBXGroup;
			children = (
				8407CC2229E4FF6C00081261 /* AppDelegate.swift */,
				8407CC2429E4FF6C00081261 /* SceneDelegate.swift */,
				8407CC3629E5034700081261 /* NetworkManager.swift */,
				8407CC2629E4FF6C00081261 /* ViewController.swift */,
				847D42E629E66031006132C1 /* CombinePractice.swift */,
				8407CC2829E4FF6C00081261 /* Main.storyboard */,
				8407CC2B29E4FF6E00081261 /* Assets.xcassets */,
				8407CC2D29E4FF6E00081261 /* LaunchScreen.storyboard */,
				8407CC3029E4FF6E00081261 /* Info.plist */,
			);
			path = "Intro-to-combine";
			sourceTree = "<group>";
		};
/* End PBXGroup section */

/* Begin PBXNativeTarget section */
		8407CC1E29E4FF6C00081261 /* Intro-to-combine */ = {
			isa = PBXNativeTarget;
			buildConfigurationList = 8407CC3329E4FF6E00081261 /* Build configuration list for PBXNativeTarget "Intro-to-combine" */;
			buildPhases = (
				8407CC1B29E4FF6C00081261 /* Sources */,
				8407CC1C29E4FF6C00081261 /* Frameworks */,
				8407CC1D29E4FF6C00081261 /* Resources */,
			);
			buildRules = (
			);
			dependencies = (
			);
			name = "Intro-to-combine";
			productName = "Intro-to-combine";
			productReference = 8407CC1F29E4FF6C00081261 /* Intro-to-combine.app */;
			productType = "com.apple.product-type.application";
		};
/* End PBXNativeTarget section */

/* Begin PBXProject section */
		8407CC1729E4FF6C00081261 /* Project object */ = {
			isa = PBXProject;
			attributes = {
				BuildIndependentTargetsInParallel = 1;
				LastSwiftUpdateCheck = 1420;
				LastUpgradeCheck = 1420;
				TargetAttributes = {
					8407CC1E29E4FF6C00081261 = {
						CreatedOnToolsVersion = 14.2;
					};
				};
			};
			buildConfigurationList = 8407CC1A29E4FF6C00081261 /* Build configuration list for PBXProject "Intro-to-combine" */;
			compatibilityVersion = "Xcode 14.0";
			developmentRegion = en;
			hasScannedForEncodings = 0;
			knownRegions = (
				en,
				Base,
			);
			mainGroup = 8407CC1629E4FF6C00081261;
			productRefGroup = 8407CC2029E4FF6C00081261 /* Products */;
			projectDirPath = "";
			projectRoot = "";
			targets = (
				8407CC1E29E4FF6C00081261 /* Intro-to-combine */,
			);
		};
/* End PBXProject section */

/* Begin PBXResourcesBuildPhase section */
		8407CC1D29E4FF6C00081261 /* Resources */ = {
			isa = PBXResourcesBuildPhase;
			buildActionMask = 2147483647;
			files = (
				8407CC2F29E4FF6E00081261 /* LaunchScreen.storyboard in Resources */,
				8407CC2C29E4FF6E00081261 /* Assets.xcassets in Resources */,
				8407CC2A29E4FF6C00081261 /* Main.storyboard in Resources */,
			);
			runOnlyForDeploymentPostprocessing = 0;
		};
/* End PBXResourcesBuildPhase section */

/* Begin PBXSourcesBuildPhase section */
		8407CC1B29E4FF6C00081261 /* Sources */ = {
			isa = PBXSourcesBuildPhase;
			buildActionMask = 2147483647;
			files = (
				8407CC3729E5034700081261 /* NetworkManager.swift in Sources */,
				847D42E729E66031006132C1 /* CombinePractice.swift in Sources */,
				8407CC2729E4FF6C00081261 /* ViewController.swift in Sources */,
				8407CC2329E4FF6C00081261 /* AppDelegate.swift in Sources */,
				8407CC2529E4FF6C00081261 /* SceneDelegate.swift in Sources */,
			);
			runOnlyForDeploymentPostprocessing = 0;
		};
/* End PBXSourcesBuildPhase section */

/* Begin PBXVariantGroup section */
		8407CC2829E4FF6C00081261 /* Main.storyboard */ = {
			isa = PBXVariantGroup;
			children = (
				8407CC2929E4FF6C00081261 /* Base */,
			);
			name = Main.storyboard;
			sourceTree = "<group>";
		};
		8407CC2D29E4FF6E00081261 /* LaunchScreen.storyboard */ = {
			isa = PBXVariantGroup;
			children = (
				8407CC2E29E4FF6E00081261 /* Base */,
			);
			name = LaunchScreen.storyboard;
			sourceTree = "<group>";
		};
/* End PBXVariantGroup section */

/* Begin XCBuildConfiguration section */
		8407CC3129E4FF6E00081261 /* Debug */ = {
			isa = XCBuildConfiguration;
			buildSettings = {
				ALWAYS_SEARCH_USER_PATHS = NO;
				CLANG_ANALYZER_NONNULL = YES;
				CLANG_ANALYZER_NUMBER_OBJECT_CONVERSION = YES_AGGRESSIVE;
				CLANG_CXX_LANGUAGE_STANDARD = "gnu++20";
				CLANG_ENABLE_MODULES = YES;
				CLANG_ENABLE_OBJC_ARC = YES;
				CLANG_ENABLE_OBJC_WEAK = YES;
				CLANG_WARN_BLOCK_CAPTURE_AUTORELEASING = YES;
				CLANG_WARN_BOOL_CONVERSION = YES;
				CLANG_WARN_COMMA = YES;
				CLANG_WARN_CONSTANT_CONVERSION = YES;
				CLANG_WARN_DEPRECATED_OBJC_IMPLEMENTATIONS = YES;
				CLANG_WARN_DIRECT_OBJC_ISA_USAGE = YES_ERROR;
				CLANG_WARN_DOCUMENTATION_COMMENTS = YES;
				CLANG_WARN_EMPTY_BODY = YES;
				CLANG_WARN_ENUM_CONVERSION = YES;
				CLANG_WARN_INFINITE_RECURSION = YES;
				CLANG_WARN_INT_CONVERSION = YES;
				CLANG_WARN_NON_LITERAL_NULL_CONVERSION = YES;
				CLANG_WARN_OBJC_IMPLICIT_RETAIN_SELF = YES;
				CLANG_WARN_OBJC_LITERAL_CONVERSION = YES;
				CLANG_WARN_OBJC_ROOT_CLASS = YES_ERROR;
				CLANG_WARN_QUOTED_INCLUDE_IN_FRAMEWORK_HEADER = YES;
				CLANG_WARN_RANGE_LOOP_ANALYSIS = YES;
				CLANG_WARN_STRICT_PROTOTYPES = YES;
				CLANG_WARN_SUSPICIOUS_MOVE = YES;
				CLANG_WARN_UNGUARDED_AVAILABILITY = YES_AGGRESSIVE;
				CLANG_WARN_UNREACHABLE_CODE = YES;
				CLANG_WARN__DUPLICATE_METHOD_MATCH = YES;
				COPY_PHASE_STRIP = NO;
				DEBUG_INFORMATION_FORMAT = dwarf;
				ENABLE_STRICT_OBJC_MSGSEND = YES;
				ENABLE_TESTABILITY = YES;
				GCC_C_LANGUAGE_STANDARD = gnu11;
				GCC_DYNAMIC_NO_PIC = NO;
				GCC_NO_COMMON_BLOCKS = YES;
				GCC_OPTIMIZATION_LEVEL = 0;
				GCC_PREPROCESSOR_DEFINITIONS = (
					"DEBUG=1",
					"$(inherited)",
				);
				GCC_WARN_64_TO_32_BIT_CONVERSION = YES;
				GCC_WARN_ABOUT_RETURN_TYPE = YES_ERROR;
				GCC_WARN_UNDECLARED_SELECTOR = YES;
				GCC_WARN_UNINITIALIZED_AUTOS = YES_AGGRESSIVE;
				GCC_WARN_UNUSED_FUNCTION = YES;
				GCC_WARN_UNUSED_VARIABLE = YES;
				IPHONEOS_DEPLOYMENT_TARGET = 16.2;
				MTL_ENABLE_DEBUG_INFO = INCLUDE_SOURCE;
				MTL_FAST_MATH = YES;
				ONLY_ACTIVE_ARCH = YES;
				SDKROOT = iphoneos;
				SWIFT_ACTIVE_COMPILATION_CONDITIONS = DEBUG;
				SWIFT_OPTIMIZATION_LEVEL = "-Onone";
			};
			name = Debug;
		};
		8407CC3229E4FF6E00081261 /* Release */ = {
			isa = XCBuildConfiguration;
			buildSettings = {
				ALWAYS_SEARCH_USER_PATHS = NO;
				CLANG_ANALYZER_NONNULL = YES;
				CLANG_ANALYZER_NUMBER_OBJECT_CONVERSION = YES_AGGRESSIVE;
				CLANG_CXX_LANGUAGE_STANDARD = "gnu++20";
				CLANG_ENABLE_MODULES = YES;
				CLANG_ENABLE_OBJC_ARC = YES;
				CLANG_ENABLE_OBJC_WEAK = YES;
				CLANG_WARN_BLOCK_CAPTURE_AUTORELEASING = YES;
				CLANG_WARN_BOOL_CONVERSION = YES;
				CLANG_WARN_COMMA = YES;
				CLANG_WARN_CONSTANT_CONVERSION = YES;
				CLANG_WARN_DEPRECATED_OBJC_IMPLEMENTATIONS = YES;
				CLANG_WARN_DIRECT_OBJC_ISA_USAGE = YES_ERROR;
				CLANG_WARN_DOCUMENTATION_COMMENTS = YES;
				CLANG_WARN_EMPTY_BODY = YES;
				CLANG_WARN_ENUM_CONVERSION = YES;
				CLANG_WARN_INFINITE_RECURSION = YES;
				CLANG_WARN_INT_CONVERSION = YES;
				CLANG_WARN_NON_LITERAL_NULL_CONVERSION = YES;
				CLANG_WARN_OBJC_IMPLICIT_RETAIN_SELF = YES;
				CLANG_WARN_OBJC_LITERAL_CONVERSION = YES;
				CLANG_WARN_OBJC_ROOT_CLASS = YES_ERROR;
				CLANG_WARN_QUOTED_INCLUDE_IN_FRAMEWORK_HEADER = YES;
				CLANG_WARN_RANGE_LOOP_ANALYSIS = YES;
				CLANG_WARN_STRICT_PROTOTYPES = YES;
				CLANG_WARN_SUSPICIOUS_MOVE = YES;
				CLANG_WARN_UNGUARDED_AVAILABILITY = YES_AGGRESSIVE;
				CLANG_WARN_UNREACHABLE_CODE = YES;
				CLANG_WARN__DUPLICATE_METHOD_MATCH = YES;
				COPY_PHASE_STRIP = NO;
				DEBUG_INFORMATION_FORMAT = "dwarf-with-dsym";
				ENABLE_NS_ASSERTIONS = NO;
				ENABLE_STRICT_OBJC_MSGSEND = YES;
				GCC_C_LANGUAGE_STANDARD = gnu11;
				GCC_NO_COMMON_BLOCKS = YES;
				GCC_WARN_64_TO_32_BIT_CONVERSION = YES;
				GCC_WARN_ABOUT_RETURN_TYPE = YES_ERROR;
				GCC_WARN_UNDECLARED_SELECTOR = YES;
				GCC_WARN_UNINITIALIZED_AUTOS = YES_AGGRESSIVE;
				GCC_WARN_UNUSED_FUNCTION = YES;
				GCC_WARN_UNUSED_VARIABLE = YES;
				IPHONEOS_DEPLOYMENT_TARGET = 16.2;
				MTL_ENABLE_DEBUG_INFO = NO;
				MTL_FAST_MATH = YES;
				SDKROOT = iphoneos;
				SWIFT_COMPILATION_MODE = wholemodule;
				SWIFT_OPTIMIZATION_LEVEL = "-O";
				VALIDATE_PRODUCT = YES;
			};
			name = Release;
		};
		8407CC3429E4FF6E00081261 /* Debug */ = {
			isa = XCBuildConfiguration;
			buildSettings = {
				ASSETCATALOG_COMPILER_APPICON_NAME = AppIcon;
				ASSETCATALOG_COMPILER_GLOBAL_ACCENT_COLOR_NAME = AccentColor;
				CODE_SIGN_STYLE = Automatic;
				CURRENT_PROJECT_VERSION = 1;
				GENERATE_INFOPLIST_FILE = YES;
				INFOPLIST_FILE = "Intro-to-combine/Info.plist";
				INFOPLIST_KEY_UIApplicationSupportsIndirectInputEvents = YES;
				INFOPLIST_KEY_UILaunchStoryboardName = LaunchScreen;
				INFOPLIST_KEY_UIMainStoryboardFile = Main;
				INFOPLIST_KEY_UISupportedInterfaceOrientations_iPad = "UIInterfaceOrientationPortrait UIInterfaceOrientationPortraitUpsideDown UIInterfaceOrientationLandscapeLeft UIInterfaceOrientationLandscapeRight";
				INFOPLIST_KEY_UISupportedInterfaceOrientations_iPhone = "UIInterfaceOrientationPortrait UIInterfaceOrientationLandscapeLeft UIInterfaceOrientationLandscapeRight";
				IPHONEOS_DEPLOYMENT_TARGET = 13.0;
				LD_RUNPATH_SEARCH_PATHS = (
					"$(inherited)",
					"@executable_path/Frameworks",
				);
				MARKETING_VERSION = 1.0;
				PRODUCT_BUNDLE_IDENTIFIER = "com.alam.shafiul.Intro-to-combine";
				PRODUCT_NAME = "$(TARGET_NAME)";
				SWIFT_EMIT_LOC_STRINGS = YES;
				SWIFT_VERSION = 5.0;
				TARGETED_DEVICE_FAMILY = "1,2";
			};
			name = Debug;
		};
		8407CC3529E4FF6E00081261 /* Release */ = {
			isa = XCBuildConfiguration;
			buildSettings = {
				ASSETCATALOG_COMPILER_APPICON_NAME = AppIcon;
				ASSETCATALOG_COMPILER_GLOBAL_ACCENT_COLOR_NAME = AccentColor;
				CODE_SIGN_STYLE = Automatic;
				CURRENT_PROJECT_VERSION = 1;
				GENERATE_INFOPLIST_FILE = YES;
				INFOPLIST_FILE = "Intro-to-combine/Info.plist";
				INFOPLIST_KEY_UIApplicationSupportsIndirectInputEvents = YES;
				INFOPLIST_KEY_UILaunchStoryboardName = LaunchScreen;
				INFOPLIST_KEY_UIMainStoryboardFile = Main;
				INFOPLIST_KEY_UISupportedInterfaceOrientations_iPad = "UIInterfaceOrientationPortrait UIInterfaceOrientationPortraitUpsideDown UIInterfaceOrientationLandscapeLeft UIInterfaceOrientationLandscapeRight";
				INFOPLIST_KEY_UISupportedInterfaceOrientations_iPhone = "UIInterfaceOrientationPortrait UIInterfaceOrientationLandscapeLeft UIInterfaceOrientationLandscapeRight";
				IPHONEOS_DEPLOYMENT_TARGET = 13.0;
				LD_RUNPATH_SEARCH_PATHS = (
					"$(inherited)",
					"@executable_path/Frameworks",
				);
				MARKETING_VERSION = 1.0;
				PRODUCT_BUNDLE_IDENTIFIER = "com.alam.shafiul.Intro-to-combine";
				PRODUCT_NAME = "$(TARGET_NAME)";
				SWIFT_EMIT_LOC_STRINGS = YES;
				SWIFT_VERSION = 5.0;
				TARGETED_DEVICE_FAMILY = "1,2";
			};
			name = Release;
		};
/* End XCBuildConfiguration section */

/* Begin XCConfigurationList section */
		8407CC1A29E4FF6C00081261 /* Build configuration list for PBXProject "Intro-to-combine" */ = {
			isa = XCConfigurationList;
			buildConfigurations = (
				8407CC3129E4FF6E00081261 /* Debug */,
				8407CC3229E4FF6E00081261 /* Release */,
			);
			defaultConfigurationIsVisible = 0;
			defaultConfigurationName = Release;
		};
		8407CC3329E4FF6E00081261 /* Build configuration list for PBXNativeTarget "Intro-to-combine" */ = {
			isa = XCConfigurationList;
			buildConfigurations = (
				8407CC3429E4FF6E00081261 /* Debug */,
				8407CC3529E4FF6E00081261 /* Release */,
			);
			defaultConfigurationIsVisible = 0;
			defaultConfigurationName = Release;
		};
/* End XCConfigurationList section */
	};
	rootObject = 8407CC1729E4FF6C00081261 /* Project object */;
}
